
Microsoft Visual Studio Solution File, Format Version 12.00
# Visual Studio 2015
Project("{FAE04EC0-301F-11D3-BF4B-00C04F79EFBC}") = "Impossible3-Draft (Sandbox).CSharp", "Impossible3-Draft (Sandbox).CSharp.csproj", "{58F13854-E080-602D-0531-9BC1ABCA1CEF}"
EndProject
Global
	GlobalSection(SolutionConfigurationPlatforms) = preSolution
		Debug|Any CPU = Debug|Any CPU
		Release|Any CPU = Release|Any CPU
	EndGlobalSection
	GlobalSection(ProjectConfigurationPlatforms) = postSolution
		{58F13854-E080-602D-0531-9BC1ABCA1CEF}.Debug|Any CPU.ActiveCfg = Debug|Any CPU
		{58F13854-E080-602D-0531-9BC1ABCA1CEF}.Debug|Any CPU.Build.0 = Debug|Any CPU
		{58F13854-E080-602D-0531-9BC1ABCA1CEF}.Release|Any CPU.ActiveCfg = Release|Any CPU
		{58F13854-E080-602D-0531-9BC1ABCA1CEF}.Release|Any CPU.Build.0 = Release|Any CPU
	EndGlobalSection
	GlobalSection(SolutionProperties) = preSolution
		HideSolutionNode = FALSE
	EndGlobalSection
EndGlobal
