Microsoft Visual Studio Solution File, Format Version 11.00
# Visual Studio 2008

Project("{3A97002A-4BB2-FDB5-6A42-898ADCA9B3E6}") = "Movement Demo", "Assembly-CSharp.csproj", "{68F08F92-2FBF-265B-973A-AEEB205AD7E0}"
EndProject
Global
	GlobalSection(SolutionConfigurationPlatforms) = preSolution
		Debug|Any CPU = Debug|Any CPU
		Release|Any CPU = Release|Any CPU
	EndGlobalSection
	GlobalSection(ProjectConfigurationPlatforms) = postSolution
		{68F08F92-2FBF-265B-973A-AEEB205AD7E0}.Debug|Any CPU.ActiveCfg = Debug|Any CPU
		{68F08F92-2FBF-265B-973A-AEEB205AD7E0}.Debug|Any CPU.Build.0 = Debug|Any CPU
		{68F08F92-2FBF-265B-973A-AEEB205AD7E0}.Release|Any CPU.ActiveCfg = Release|Any CPU
		{68F08F92-2FBF-265B-973A-AEEB205AD7E0}.Release|Any CPU.Build.0 = Release|Any CPU
	EndGlobalSection
	GlobalSection(SolutionProperties) = preSolution
		HideSolutionNode = FALSE
	EndGlobalSection
	GlobalSection(MonoDevelopProperties) = preSolution
		StartupItem = Assembly-CSharp.csproj
	EndGlobalSection
EndGlobal
